// !$*UTF8*$!
{
	archiveVersion = 1;
	classes = {
	};
	objectVersion = 51;
	objects = {

/* Begin PBXBuildFile section */
		C21B1FFF2543FF8100E9BEB9 /* ErrorHandling.swift in Sources */ = {isa = PBXBuildFile; fileRef = C21B1FFE2543FF8100E9BEB9 /* ErrorHandling.swift */; };
		C23DF23A241A4ADE00BD0B1B /* TrainBoardCell.swift in Sources */ = {isa = PBXBuildFile; fileRef = C23DF239241A4ADE00BD0B1B /* TrainBoardCell.swift */; };
		C248BE54241B371300065EFC /* MyriadPro-Regular.otf in Resources */ = {isa = PBXBuildFile; fileRef = C248BE51241B36EE00065EFC /* MyriadPro-Regular.otf */; };
		C248BE55241B371500065EFC /* Frutiger CE 55 Roman.ttf in Resources */ = {isa = PBXBuildFile; fileRef = C248BE50241B36B800065EFC /* Frutiger CE 55 Roman.ttf */; };
		C248BE56241B371700065EFC /* DINPro.otf in Resources */ = {isa = PBXBuildFile; fileRef = C248BE4F241B369500065EFC /* DINPro.otf */; };
		C248BE57241B371900065EFC /* EHSMB.TTF in Resources */ = {isa = PBXBuildFile; fileRef = C248BE4E241B35CE00065EFC /* EHSMB.TTF */; };
		C248BE5B241B3EA800065EFC /* FrutigerLTStd-BoldCn.otf in Resources */ = {isa = PBXBuildFile; fileRef = C248BE5A241B3EA800065EFC /* FrutigerLTStd-BoldCn.otf */; };
		C2521D4C241A19C900076347 /* StationSelectionViewController.swift in Sources */ = {isa = PBXBuildFile; fileRef = C2521D4B241A19C900076347 /* StationSelectionViewController.swift */; };
		C2521D4E241A1B1300076347 /* Constant.swift in Sources */ = {isa = PBXBuildFile; fileRef = C2521D4D241A1B1300076347 /* Constant.swift */; };
		C2740F542419F8D900F97C13 /* AppDelegate.swift in Sources */ = {isa = PBXBuildFile; fileRef = C2740F532419F8D900F97C13 /* AppDelegate.swift */; };
		C2740F562419F8D900F97C13 /* SceneDelegate.swift in Sources */ = {isa = PBXBuildFile; fileRef = C2740F552419F8D900F97C13 /* SceneDelegate.swift */; };
		C2740F582419F8D900F97C13 /* ViewController.swift in Sources */ = {isa = PBXBuildFile; fileRef = C2740F572419F8D900F97C13 /* ViewController.swift */; };
		C2740F5B2419F8D900F97C13 /* Main.storyboard in Resources */ = {isa = PBXBuildFile; fileRef = C2740F592419F8D900F97C13 /* Main.storyboard */; };
		C2740F5E2419F8D900F97C13 /* Train_Status.xcdatamodeld in Sources */ = {isa = PBXBuildFile; fileRef = C2740F5C2419F8D900F97C13 /* Train_Status.xcdatamodeld */; };
		C2740F602419F8DC00F97C13 /* Assets.xcassets in Resources */ = {isa = PBXBuildFile; fileRef = C2740F5F2419F8DC00F97C13 /* Assets.xcassets */; };
		C2740F632419F8DC00F97C13 /* LaunchScreen.storyboard in Resources */ = {isa = PBXBuildFile; fileRef = C2740F612419F8DC00F97C13 /* LaunchScreen.storyboard */; };
		C2740F6B2419F93200F97C13 /* MOTCQuery.swift in Sources */ = {isa = PBXBuildFile; fileRef = C2740F6A2419F93200F97C13 /* MOTCQuery.swift */; };
		C2740F70241A0C4800F97C13 /* CoreLocation.framework in Frameworks */ = {isa = PBXBuildFile; fileRef = C2740F6F241A0C4800F97C13 /* CoreLocation.framework */; };
		F4E6CAAAD38018B3E41410EE /* Pods_Train_Status.framework in Frameworks */ = {isa = PBXBuildFile; fileRef = 03B692625D4FBE53057EDE08 /* Pods_Train_Status.framework */; };
/* End PBXBuildFile section */

/* Begin PBXFileReference section */
		03B692625D4FBE53057EDE08 /* Pods_Train_Status.framework */ = {isa = PBXFileReference; explicitFileType = wrapper.framework; includeInIndex = 0; path = Pods_Train_Status.framework; sourceTree = BUILT_PRODUCTS_DIR; };
		752B18CB71530185F3601A2E /* Pods-Train Status.release.xcconfig */ = {isa = PBXFileReference; includeInIndex = 1; lastKnownFileType = text.xcconfig; name = "Pods-Train Status.release.xcconfig"; path = "Target Support Files/Pods-Train Status/Pods-Train Status.release.xcconfig"; sourceTree = "<group>"; };
		C21B1FFE2543FF8100E9BEB9 /* ErrorHandling.swift */ = {isa = PBXFileReference; lastKnownFileType = sourcecode.swift; path = ErrorHandling.swift; sourceTree = "<group>"; };
		C23DF239241A4ADE00BD0B1B /* TrainBoardCell.swift */ = {isa = PBXFileReference; lastKnownFileType = sourcecode.swift; path = TrainBoardCell.swift; sourceTree = "<group>"; };
		C248BE4E241B35CE00065EFC /* EHSMB.TTF */ = {isa = PBXFileReference; lastKnownFileType = file; path = EHSMB.TTF; sourceTree = "<group>"; };
		C248BE4F241B369500065EFC /* DINPro.otf */ = {isa = PBXFileReference; lastKnownFileType = file; path = DINPro.otf; sourceTree = "<group>"; };
		C248BE50241B36B800065EFC /* Frutiger CE 55 Roman.ttf */ = {isa = PBXFileReference; lastKnownFileType = file; path = "Frutiger CE 55 Roman.ttf"; sourceTree = "<group>"; };
		C248BE51241B36EE00065EFC /* MyriadPro-Regular.otf */ = {isa = PBXFileReference; lastKnownFileType = file; path = "MyriadPro-Regular.otf"; sourceTree = "<group>"; };
		C248BE5A241B3EA800065EFC /* FrutigerLTStd-BoldCn.otf */ = {isa = PBXFileReference; lastKnownFileType = file; path = "FrutigerLTStd-BoldCn.otf"; sourceTree = "<group>"; };
		C2521D4B241A19C900076347 /* StationSelectionViewController.swift */ = {isa = PBXFileReference; lastKnownFileType = sourcecode.swift; path = StationSelectionViewController.swift; sourceTree = "<group>"; };
		C2521D4D241A1B1300076347 /* Constant.swift */ = {isa = PBXFileReference; lastKnownFileType = sourcecode.swift; path = Constant.swift; sourceTree = "<group>"; };
		C2740F502419F8D900F97C13 /* Train Status.app */ = {isa = PBXFileReference; explicitFileType = wrapper.application; includeInIndex = 0; path = "Train Status.app"; sourceTree = BUILT_PRODUCTS_DIR; };
		C2740F532419F8D900F97C13 /* AppDelegate.swift */ = {isa = PBXFileReference; lastKnownFileType = sourcecode.swift; path = AppDelegate.swift; sourceTree = "<group>"; };
		C2740F552419F8D900F97C13 /* SceneDelegate.swift */ = {isa = PBXFileReference; lastKnownFileType = sourcecode.swift; path = SceneDelegate.swift; sourceTree = "<group>"; };
		C2740F572419F8D900F97C13 /* ViewController.swift */ = {isa = PBXFileReference; lastKnownFileType = sourcecode.swift; path = ViewController.swift; sourceTree = "<group>"; };
		C2740F5A2419F8D900F97C13 /* Base */ = {isa = PBXFileReference; lastKnownFileType = file.storyboard; name = Base; path = Base.lproj/Main.storyboard; sourceTree = "<group>"; };
		C2740F5D2419F8D900F97C13 /* Train_Status.xcdatamodel */ = {isa = PBXFileReference; lastKnownFileType = wrapper.xcdatamodel; path = Train_Status.xcdatamodel; sourceTree = "<group>"; };
		C2740F5F2419F8DC00F97C13 /* Assets.xcassets */ = {isa = PBXFileReference; lastKnownFileType = folder.assetcatalog; path = Assets.xcassets; sourceTree = "<group>"; };
		C2740F622419F8DC00F97C13 /* Base */ = {isa = PBXFileReference; lastKnownFileType = file.storyboard; name = Base; path = Base.lproj/LaunchScreen.storyboard; sourceTree = "<group>"; };
		C2740F642419F8DC00F97C13 /* Info.plist */ = {isa = PBXFileReference; lastKnownFileType = text.plist.xml; path = Info.plist; sourceTree = "<group>"; };
		C2740F6A2419F93200F97C13 /* MOTCQuery.swift */ = {isa = PBXFileReference; lastKnownFileType = sourcecode.swift; path = MOTCQuery.swift; sourceTree = "<group>"; };
		C2740F6F241A0C4800F97C13 /* CoreLocation.framework */ = {isa = PBXFileReference; lastKnownFileType = wrapper.framework; name = CoreLocation.framework; path = System/Library/Frameworks/CoreLocation.framework; sourceTree = SDKROOT; };
		F8C692437237D2995CC09072 /* Pods-Train Status.debug.xcconfig */ = {isa = PBXFileReference; includeInIndex = 1; lastKnownFileType = text.xcconfig; name = "Pods-Train Status.debug.xcconfig"; path = "Target Support Files/Pods-Train Status/Pods-Train Status.debug.xcconfig"; sourceTree = "<group>"; };
/* End PBXFileReference section */

/* Begin PBXFrameworksBuildPhase section */
		C2740F4D2419F8D900F97C13 /* Frameworks */ = {
			isa = PBXFrameworksBuildPhase;
			buildActionMask = 2147483647;
			files = (
				C2740F70241A0C4800F97C13 /* CoreLocation.framework in Frameworks */,
				F4E6CAAAD38018B3E41410EE /* Pods_Train_Status.framework in Frameworks */,
			);
			runOnlyForDeploymentPostprocessing = 0;
		};
/* End PBXFrameworksBuildPhase section */

/* Begin PBXGroup section */
		C248BE4D241B35A700065EFC /* Fonts */ = {
			isa = PBXGroup;
			children = (
				C248BE5A241B3EA800065EFC /* FrutigerLTStd-BoldCn.otf */,
				C248BE51241B36EE00065EFC /* MyriadPro-Regular.otf */,
				C248BE50241B36B800065EFC /* Frutiger CE 55 Roman.ttf */,
				C248BE4F241B369500065EFC /* DINPro.otf */,
				C248BE4E241B35CE00065EFC /* EHSMB.TTF */,
			);
			path = Fonts;
			sourceTree = "<group>";
		};
		C2740F472419F8D900F97C13 = {
			isa = PBXGroup;
			children = (
				C2740F522419F8D900F97C13 /* Train Status */,
				C2740F512419F8D900F97C13 /* Products */,
				C2740F6E241A0C4800F97C13 /* Frameworks */,
				F3FF5C26776E8F9AAD6D3A3F /* Pods */,
			);
			sourceTree = "<group>";
		};
		C2740F512419F8D900F97C13 /* Products */ = {
			isa = PBXGroup;
			children = (
				C2740F502419F8D900F97C13 /* Train Status.app */,
			);
			name = Products;
			sourceTree = "<group>";
		};
		C2740F522419F8D900F97C13 /* Train Status */ = {
			isa = PBXGroup;
			children = (
				C2740F532419F8D900F97C13 /* AppDelegate.swift */,
				C2740F552419F8D900F97C13 /* SceneDelegate.swift */,
				C2740F572419F8D900F97C13 /* ViewController.swift */,
				C2521D4B241A19C900076347 /* StationSelectionViewController.swift */,
				C23DF239241A4ADE00BD0B1B /* TrainBoardCell.swift */,
				C2740F6A2419F93200F97C13 /* MOTCQuery.swift */,
				C2521D4D241A1B1300076347 /* Constant.swift */,
				C21B1FFE2543FF8100E9BEB9 /* ErrorHandling.swift */,
				C2740F592419F8D900F97C13 /* Main.storyboard */,
				C2740F5F2419F8DC00F97C13 /* Assets.xcassets */,
				C2740F612419F8DC00F97C13 /* LaunchScreen.storyboard */,
				C2740F642419F8DC00F97C13 /* Info.plist */,
				C2740F5C2419F8D900F97C13 /* Train_Status.xcdatamodeld */,
				C248BE4D241B35A700065EFC /* Fonts */,
			);
			path = "Train Status";
			sourceTree = "<group>";
		};
		C2740F6E241A0C4800F97C13 /* Frameworks */ = {
			isa = PBXGroup;
			children = (
				C2740F6F241A0C4800F97C13 /* CoreLocation.framework */,
				03B692625D4FBE53057EDE08 /* Pods_Train_Status.framework */,
			);
			name = Frameworks;
			sourceTree = "<group>";
		};
		F3FF5C26776E8F9AAD6D3A3F /* Pods */ = {
			isa = PBXGroup;
			children = (
				F8C692437237D2995CC09072 /* Pods-Train Status.debug.xcconfig */,
				752B18CB71530185F3601A2E /* Pods-Train Status.release.xcconfig */,
			);
			path = Pods;
			sourceTree = "<group>";
		};
/* End PBXGroup section */

/* Begin PBXNativeTarget section */
		C2740F4F2419F8D900F97C13 /* Train Status */ = {
			isa = PBXNativeTarget;
			buildConfigurationList = C2740F672419F8DC00F97C13 /* Build configuration list for PBXNativeTarget "Train Status" */;
			buildPhases = (
				DA28E9D5906AEEB6CEBFA7CE /* [CP] Check Pods Manifest.lock */,
				C2740F4C2419F8D900F97C13 /* Sources */,
				C2740F4D2419F8D900F97C13 /* Frameworks */,
				C2740F4E2419F8D900F97C13 /* Resources */,
				A8FA7E045682F7760617D281 /* [CP] Embed Pods Frameworks */,
			);
			buildRules = (
			);
			dependencies = (
			);
			name = "Train Status";
			productName = "Train Status";
			productReference = C2740F502419F8D900F97C13 /* Train Status.app */;
			productType = "com.apple.product-type.application";
		};
/* End PBXNativeTarget section */

/* Begin PBXProject section */
		C2740F482419F8D900F97C13 /* Project object */ = {
			isa = PBXProject;
			attributes = {
				LastSwiftUpdateCheck = 1130;
				LastUpgradeCheck = 1130;
				ORGANIZATIONNAME = "Garry Yeung";
				TargetAttributes = {
					C2740F4F2419F8D900F97C13 = {
						CreatedOnToolsVersion = 11.3;
					};
				};
			};
			buildConfigurationList = C2740F4B2419F8D900F97C13 /* Build configuration list for PBXProject "Train Status" */;
			compatibilityVersion = "Xcode 9.3";
			developmentRegion = en;
			hasScannedForEncodings = 0;
			knownRegions = (
				en,
				Base,
			);
			mainGroup = C2740F472419F8D900F97C13;
			productRefGroup = C2740F512419F8D900F97C13 /* Products */;
			projectDirPath = "";
			projectRoot = "";
			targets = (
				C2740F4F2419F8D900F97C13 /* Train Status */,
			);
		};
/* End PBXProject section */

/* Begin PBXResourcesBuildPhase section */
		C2740F4E2419F8D900F97C13 /* Resources */ = {
			isa = PBXResourcesBuildPhase;
			buildActionMask = 2147483647;
			files = (
				C2740F632419F8DC00F97C13 /* LaunchScreen.storyboard in Resources */,
				C248BE54241B371300065EFC /* MyriadPro-Regular.otf in Resources */,
				C248BE56241B371700065EFC /* DINPro.otf in Resources */,
				C2740F602419F8DC00F97C13 /* Assets.xcassets in Resources */,
				C248BE5B241B3EA800065EFC /* FrutigerLTStd-BoldCn.otf in Resources */,
				C248BE57241B371900065EFC /* EHSMB.TTF in Resources */,
				C2740F5B2419F8D900F97C13 /* Main.storyboard in Resources */,
				C248BE55241B371500065EFC /* Frutiger CE 55 Roman.ttf in Resources */,
			);
			runOnlyForDeploymentPostprocessing = 0;
		};
/* End PBXResourcesBuildPhase section */

/* Begin PBXShellScriptBuildPhase section */
		A8FA7E045682F7760617D281 /* [CP] Embed Pods Frameworks */ = {
			isa = PBXShellScriptBuildPhase;
			buildActionMask = 2147483647;
			files = (
			);
			inputFileListPaths = (
				"${PODS_ROOT}/Target Support Files/Pods-Train Status/Pods-Train Status-frameworks-${CONFIGURATION}-input-files.xcfilelist",
			);
			name = "[CP] Embed Pods Frameworks";
			outputFileListPaths = (
				"${PODS_ROOT}/Target Support Files/Pods-Train Status/Pods-Train Status-frameworks-${CONFIGURATION}-output-files.xcfilelist",
			);
			runOnlyForDeploymentPostprocessing = 0;
			shellPath = /bin/sh;
			shellScript = "\"${PODS_ROOT}/Target Support Files/Pods-Train Status/Pods-Train Status-frameworks.sh\"\n";
			showEnvVarsInLog = 0;
		};
		DA28E9D5906AEEB6CEBFA7CE /* [CP] Check Pods Manifest.lock */ = {
			isa = PBXShellScriptBuildPhase;
			buildActionMask = 2147483647;
			files = (
			);
			inputFileListPaths = (
			);
			inputPaths = (
				"${PODS_PODFILE_DIR_PATH}/Podfile.lock",
				"${PODS_ROOT}/Manifest.lock",
			);
			name = "[CP] Check Pods Manifest.lock";
			outputFileListPaths = (
			);
			outputPaths = (
				"$(DERIVED_FILE_DIR)/Pods-Train Status-checkManifestLockResult.txt",
			);
			runOnlyForDeploymentPostprocessing = 0;
			shellPath = /bin/sh;
			shellScript = "diff \"${PODS_PODFILE_DIR_PATH}/Podfile.lock\" \"${PODS_ROOT}/Manifest.lock\" > /dev/null\nif [ $? != 0 ] ; then\n    # print error to STDERR\n    echo \"error: The sandbox is not in sync with the Podfile.lock. Run 'pod install' or update your CocoaPods installation.\" >&2\n    exit 1\nfi\n# This output is used by Xcode 'outputs' to avoid re-running this script phase.\necho \"SUCCESS\" > \"${SCRIPT_OUTPUT_FILE_0}\"\n";
			showEnvVarsInLog = 0;
		};
/* End PBXShellScriptBuildPhase section */

/* Begin PBXSourcesBuildPhase section */
		C2740F4C2419F8D900F97C13 /* Sources */ = {
			isa = PBXSourcesBuildPhase;
			buildActionMask = 2147483647;
			files = (
				C21B1FFF2543FF8100E9BEB9 /* ErrorHandling.swift in Sources */,
				C2521D4E241A1B1300076347 /* Constant.swift in Sources */,
				C2740F582419F8D900F97C13 /* ViewController.swift in Sources */,
				C2740F6B2419F93200F97C13 /* MOTCQuery.swift in Sources */,
				C2521D4C241A19C900076347 /* StationSelectionViewController.swift in Sources */,
				C2740F542419F8D900F97C13 /* AppDelegate.swift in Sources */,
				C23DF23A241A4ADE00BD0B1B /* TrainBoardCell.swift in Sources */,
				C2740F5E2419F8D900F97C13 /* Train_Status.xcdatamodeld in Sources */,
				C2740F562419F8D900F97C13 /* SceneDelegate.swift in Sources */,
			);
			runOnlyForDeploymentPostprocessing = 0;
		};
/* End PBXSourcesBuildPhase section */

/* Begin PBXVariantGroup section */
		C2740F592419F8D900F97C13 /* Main.storyboard */ = {
			isa = PBXVariantGroup;
			children = (
				C2740F5A2419F8D900F97C13 /* Base */,
			);
			name = Main.storyboard;
			sourceTree = "<group>";
		};
		C2740F612419F8DC00F97C13 /* LaunchScreen.storyboard */ = {
			isa = PBXVariantGroup;
			children = (
				C2740F622419F8DC00F97C13 /* Base */,
			);
			name = LaunchScreen.storyboard;
			sourceTree = "<group>";
		};
/* End PBXVariantGroup section */

/* Begin XCBuildConfiguration section */
		C2740F652419F8DC00F97C13 /* Debug */ = {
			isa = XCBuildConfiguration;
			buildSettings = {
				ALWAYS_SEARCH_USER_PATHS = NO;
				CLANG_ANALYZER_NONNULL = YES;
				CLANG_ANALYZER_NUMBER_OBJECT_CONVERSION = YES_AGGRESSIVE;
				CLANG_CXX_LANGUAGE_STANDARD = "gnu++14";
				CLANG_CXX_LIBRARY = "libc++";
				CLANG_ENABLE_MODULES = YES;
				CLANG_ENABLE_OBJC_ARC = YES;
				CLANG_ENABLE_OBJC_WEAK = YES;
				CLANG_WARN_BLOCK_CAPTURE_AUTORELEASING = YES;
				CLANG_WARN_BOOL_CONVERSION = YES;
				CLANG_WARN_COMMA = YES;
				CLANG_WARN_CONSTANT_CONVERSION = YES;
				CLANG_WARN_DEPRECATED_OBJC_IMPLEMENTATIONS = YES;
				CLANG_WARN_DIRECT_OBJC_ISA_USAGE = YES_ERROR;
				CLANG_WARN_DOCUMENTATION_COMMENTS = YES;
				CLANG_WARN_EMPTY_BODY = YES;
				CLANG_WARN_ENUM_CONVERSION = YES;
				CLANG_WARN_INFINITE_RECURSION = YES;
				CLANG_WARN_INT_CONVERSION = YES;
				CLANG_WARN_NON_LITERAL_NULL_CONVERSION = YES;
				CLANG_WARN_OBJC_IMPLICIT_RETAIN_SELF = YES;
				CLANG_WARN_OBJC_LITERAL_CONVERSION = YES;
				CLANG_WARN_OBJC_ROOT_CLASS = YES_ERROR;
				CLANG_WARN_RANGE_LOOP_ANALYSIS = YES;
				CLANG_WARN_STRICT_PROTOTYPES = YES;
				CLANG_WARN_SUSPICIOUS_MOVE = YES;
				CLANG_WARN_UNGUARDED_AVAILABILITY = YES_AGGRESSIVE;
				CLANG_WARN_UNREACHABLE_CODE = YES;
				CLANG_WARN__DUPLICATE_METHOD_MATCH = YES;
				COPY_PHASE_STRIP = NO;
				DEBUG_INFORMATION_FORMAT = dwarf;
				ENABLE_STRICT_OBJC_MSGSEND = YES;
				ENABLE_TESTABILITY = YES;
				GCC_C_LANGUAGE_STANDARD = gnu11;
				GCC_DYNAMIC_NO_PIC = NO;
				GCC_NO_COMMON_BLOCKS = YES;
				GCC_OPTIMIZATION_LEVEL = 0;
				GCC_PREPROCESSOR_DEFINITIONS = (
					"DEBUG=1",
					"$(inherited)",
				);
				GCC_WARN_64_TO_32_BIT_CONVERSION = YES;
				GCC_WARN_ABOUT_RETURN_TYPE = YES_ERROR;
				GCC_WARN_UNDECLARED_SELECTOR = YES;
				GCC_WARN_UNINITIALIZED_AUTOS = YES_AGGRESSIVE;
				GCC_WARN_UNUSED_FUNCTION = YES;
				GCC_WARN_UNUSED_VARIABLE = YES;
				IPHONEOS_DEPLOYMENT_TARGET = 13.2;
				MTL_ENABLE_DEBUG_INFO = INCLUDE_SOURCE;
				MTL_FAST_MATH = YES;
				ONLY_ACTIVE_ARCH = YES;
				SDKROOT = iphoneos;
				SWIFT_ACTIVE_COMPILATION_CONDITIONS = DEBUG;
				SWIFT_OPTIMIZATION_LEVEL = "-Onone";
			};
			name = Debug;
		};
		C2740F662419F8DC00F97C13 /* Release */ = {
			isa = XCBuildConfiguration;
			buildSettings = {
				ALWAYS_SEARCH_USER_PATHS = NO;
				CLANG_ANALYZER_NONNULL = YES;
				CLANG_ANALYZER_NUMBER_OBJECT_CONVERSION = YES_AGGRESSIVE;
				CLANG_CXX_LANGUAGE_STANDARD = "gnu++14";
				CLANG_CXX_LIBRARY = "libc++";
				CLANG_ENABLE_MODULES = YES;
				CLANG_ENABLE_OBJC_ARC = YES;
				CLANG_ENABLE_OBJC_WEAK = YES;
				CLANG_WARN_BLOCK_CAPTURE_AUTORELEASING = YES;
				CLANG_WARN_BOOL_CONVERSION = YES;
				CLANG_WARN_COMMA = YES;
				CLANG_WARN_CONSTANT_CONVERSION = YES;
				CLANG_WARN_DEPRECATED_OBJC_IMPLEMENTATIONS = YES;
				CLANG_WARN_DIRECT_OBJC_ISA_USAGE = YES_ERROR;
				CLANG_WARN_DOCUMENTATION_COMMENTS = YES;
				CLANG_WARN_EMPTY_BODY = YES;
				CLANG_WARN_ENUM_CONVERSION = YES;
				CLANG_WARN_INFINITE_RECURSION = YES;
				CLANG_WARN_INT_CONVERSION = YES;
				CLANG_WARN_NON_LITERAL_NULL_CONVERSION = YES;
				CLANG_WARN_OBJC_IMPLICIT_RETAIN_SELF = YES;
				CLANG_WARN_OBJC_LITERAL_CONVERSION = YES;
				CLANG_WARN_OBJC_ROOT_CLASS = YES_ERROR;
				CLANG_WARN_RANGE_LOOP_ANALYSIS = YES;
				CLANG_WARN_STRICT_PROTOTYPES = YES;
				CLANG_WARN_SUSPICIOUS_MOVE = YES;
				CLANG_WARN_UNGUARDED_AVAILABILITY = YES_AGGRESSIVE;
				CLANG_WARN_UNREACHABLE_CODE = YES;
				CLANG_WARN__DUPLICATE_METHOD_MATCH = YES;
				COPY_PHASE_STRIP = NO;
				DEBUG_INFORMATION_FORMAT = "dwarf-with-dsym";
				ENABLE_NS_ASSERTIONS = NO;
				ENABLE_STRICT_OBJC_MSGSEND = YES;
				GCC_C_LANGUAGE_STANDARD = gnu11;
				GCC_NO_COMMON_BLOCKS = YES;
				GCC_WARN_64_TO_32_BIT_CONVERSION = YES;
				GCC_WARN_ABOUT_RETURN_TYPE = YES_ERROR;
				GCC_WARN_UNDECLARED_SELECTOR = YES;
				GCC_WARN_UNINITIALIZED_AUTOS = YES_AGGRESSIVE;
				GCC_WARN_UNUSED_FUNCTION = YES;
				GCC_WARN_UNUSED_VARIABLE = YES;
				IPHONEOS_DEPLOYMENT_TARGET = 13.2;
				MTL_ENABLE_DEBUG_INFO = NO;
				MTL_FAST_MATH = YES;
				SDKROOT = iphoneos;
				SWIFT_COMPILATION_MODE = wholemodule;
				SWIFT_OPTIMIZATION_LEVEL = "-O";
				VALIDATE_PRODUCT = YES;
			};
			name = Release;
		};
		C2740F682419F8DC00F97C13 /* Debug */ = {
			isa = XCBuildConfiguration;
			baseConfigurationReference = F8C692437237D2995CC09072 /* Pods-Train Status.debug.xcconfig */;
			buildSettings = {
				ASSETCATALOG_COMPILER_APPICON_NAME = AppIcon;
				CODE_SIGN_STYLE = Automatic;
				DEVELOPMENT_TEAM = KVJJ645N39;
				INFOPLIST_FILE = "Train Status/Info.plist";
				LD_RUNPATH_SEARCH_PATHS = (
					"$(inherited)",
					"@executable_path/Frameworks",
				);
				PRODUCT_BUNDLE_IDENTIFIER = "Garry.Train-Status";
				PRODUCT_NAME = "$(TARGET_NAME)";
				SWIFT_VERSION = 5.0;
				TARGETED_DEVICE_FAMILY = "1,2";
			};
			name = Debug;
		};
		C2740F692419F8DC00F97C13 /* Release */ = {
			isa = XCBuildConfiguration;
			baseConfigurationReference = 752B18CB71530185F3601A2E /* Pods-Train Status.release.xcconfig */;
			buildSettings = {
				ASSETCATALOG_COMPILER_APPICON_NAME = AppIcon;
				CODE_SIGN_STYLE = Automatic;
				DEVELOPMENT_TEAM = KVJJ645N39;
				INFOPLIST_FILE = "Train Status/Info.plist";
				LD_RUNPATH_SEARCH_PATHS = (
					"$(inherited)",
					"@executable_path/Frameworks",
				);
				PRODUCT_BUNDLE_IDENTIFIER = "Garry.Train-Status";
				PRODUCT_NAME = "$(TARGET_NAME)";
				SWIFT_VERSION = 5.0;
				TARGETED_DEVICE_FAMILY = "1,2";
			};
			name = Release;
		};
/* End XCBuildConfiguration section */

/* Begin XCConfigurationList section */
		C2740F4B2419F8D900F97C13 /* Build configuration list for PBXProject "Train Status" */ = {
			isa = XCConfigurationList;
			buildConfigurations = (
				C2740F652419F8DC00F97C13 /* Debug */,
				C2740F662419F8DC00F97C13 /* Release */,
			);
			defaultConfigurationIsVisible = 0;
			defaultConfigurationName = Release;
		};
		C2740F672419F8DC00F97C13 /* Build configuration list for PBXNativeTarget "Train Status" */ = {
			isa = XCConfigurationList;
			buildConfigurations = (
				C2740F682419F8DC00F97C13 /* Debug */,
				C2740F692419F8DC00F97C13 /* Release */,
			);
			defaultConfigurationIsVisible = 0;
			defaultConfigurationName = Release;
		};
/* End XCConfigurationList section */

/* Begin XCVersionGroup section */
		C2740F5C2419F8D900F97C13 /* Train_Status.xcdatamodeld */ = {
			isa = XCVersionGroup;
			children = (
				C2740F5D2419F8D900F97C13 /* Train_Status.xcdatamodel */,
			);
			currentVersion = C2740F5D2419F8D900F97C13 /* Train_Status.xcdatamodel */;
			path = Train_Status.xcdatamodeld;
			sourceTree = "<group>";
			versionGroupType = wrapper.xcdatamodel;
		};
/* End XCVersionGroup section */
	};
	rootObject = C2740F482419F8D900F97C13 /* Project object */;
}
